Microsoft Visual Studio Solution File, Format Version 12.00
# Visual Studio Version 17
VisualStudioVersion = 17.5.2.0
MinimumVisualStudioVersion = 10.0.40219.1
Project("{FAE04EC0-301F-11D3-BF4B-00C04F79EFBC}") = "SportaApis", "SportaApis.csproj", "{6C1120B1-D5B7-A6EF-BFD7-C1226D4FBC9C}"
EndProject
Global
	GlobalSection(SolutionConfigurationPlatforms) = preSolution
		Debug|Any CPU = Debug|Any CPU
		Release|Any CPU = Release|Any CPU
	EndGlobalSection
	GlobalSection(ProjectConfigurationPlatforms) = postSolution
		{6C1120B1-D5B7-A6EF-BFD7-C1226D4FBC9C}.Debug|Any CPU.ActiveCfg = Debug|Any CPU
		{6C1120B1-D5B7-A6EF-BFD7-C1226D4FBC9C}.Debug|Any CPU.Build.0 = Debug|Any CPU
		{6C1120B1-D5B7-A6EF-BFD7-C1226D4FBC9C}.Release|Any CPU.ActiveCfg = Release|Any CPU
		{6C1120B1-D5B7-A6EF-BFD7-C1226D4FBC9C}.Release|Any CPU.Build.0 = Release|Any CPU
	EndGlobalSection
	GlobalSection(SolutionProperties) = preSolution
		HideSolutionNode = FALSE
	EndGlobalSection
	GlobalSection(ExtensibilityGlobals) = postSolution
		SolutionGuid = {3FF2C582-A7C8-4928-8FE7-99B115E6D46F}
	EndGlobalSection
EndGlobal
